# THIS IS AN AUTOGENERATED FILE. DO NOT EDIT THIS FILE DIRECTLY.
# yarn lockfile v1


tabulator-tables@^5.6.1:
  version "5.6.1"
  resolved "https://registry.yarnpkg.com/tabulator-tables/-/tabulator-tables-5.6.1.tgz#ffd9ca7f730f3e7ec58e7dfffc91ee58e2b7fcc9"
  integrity sha512-DsmaZqEmlQS/NL5ZJbVtoaeYjJgofEFp+2er7+uwKerGwd/E2rZbeQgux4+Ab1dxNJcbptiX7oUiTwogOnUdgQ==
